
Microsoft Visual Studio Solution File, Format Version 12.00
# Visual Studio 14
VisualStudioVersion = 14.0.25123.0
MinimumVisualStudioVersion = 10.0.40219.1
Project("{FAE04EC0-301F-11D3-BF4B-00C04F79EFBC}") = "Code-Pi", "CodePiApplication\Code-Pi.csproj", "{9068DD7F-3101-471E-B16F-832A65FF3345}"
EndProject
Project("{FAE04EC0-301F-11D3-BF4B-00C04F79EFBC}") = "UnitTest", "UnitTest\UnitTest.csproj", "{2E01E758-7D20-497B-8F3C-E2B99F056550}"
EndProject
Project("{FAE04EC0-301F-11D3-BF4B-00C04F79EFBC}") = "TestApplication.Tests", "TestApplication.Tests\TestApplication.Tests.csproj", "{C3BB6F7F-1655-4C11-80F0-704B7D6129DB}"
EndProject
Global
	GlobalSection(SolutionConfigurationPlatforms) = preSolution
		Debug|Any CPU = Debug|Any CPU
		Dev|Any CPU = Dev|Any CPU
		Release|Any CPU = Release|Any CPU
		Test|Any CPU = Test|Any CPU
	EndGlobalSection
	GlobalSection(ProjectConfigurationPlatforms) = postSolution
		{9068DD7F-3101-471E-B16F-832A65FF3345}.Debug|Any CPU.ActiveCfg = Debug|Any CPU
		{9068DD7F-3101-471E-B16F-832A65FF3345}.Debug|Any CPU.Build.0 = Debug|Any CPU
		{9068DD7F-3101-471E-B16F-832A65FF3345}.Dev|Any CPU.ActiveCfg = Dev|Any CPU
		{9068DD7F-3101-471E-B16F-832A65FF3345}.Dev|Any CPU.Build.0 = Dev|Any CPU
		{9068DD7F-3101-471E-B16F-832A65FF3345}.Release|Any CPU.ActiveCfg = Release|Any CPU
		{9068DD7F-3101-471E-B16F-832A65FF3345}.Release|Any CPU.Build.0 = Release|Any CPU
		{9068DD7F-3101-471E-B16F-832A65FF3345}.Test|Any CPU.ActiveCfg = Test|Any CPU
		{9068DD7F-3101-471E-B16F-832A65FF3345}.Test|Any CPU.Build.0 = Test|Any CPU
		{2E01E758-7D20-497B-8F3C-E2B99F056550}.Debug|Any CPU.ActiveCfg = Debug|Any CPU
		{2E01E758-7D20-497B-8F3C-E2B99F056550}.Debug|Any CPU.Build.0 = Debug|Any CPU
		{2E01E758-7D20-497B-8F3C-E2B99F056550}.Dev|Any CPU.ActiveCfg = Dev|Any CPU
		{2E01E758-7D20-497B-8F3C-E2B99F056550}.Dev|Any CPU.Build.0 = Dev|Any CPU
		{2E01E758-7D20-497B-8F3C-E2B99F056550}.Release|Any CPU.ActiveCfg = Release|Any CPU
		{2E01E758-7D20-497B-8F3C-E2B99F056550}.Release|Any CPU.Build.0 = Release|Any CPU
		{2E01E758-7D20-497B-8F3C-E2B99F056550}.Test|Any CPU.ActiveCfg = Test|Any CPU
		{2E01E758-7D20-497B-8F3C-E2B99F056550}.Test|Any CPU.Build.0 = Test|Any CPU
		{C3BB6F7F-1655-4C11-80F0-704B7D6129DB}.Debug|Any CPU.ActiveCfg = Debug|Any CPU
		{C3BB6F7F-1655-4C11-80F0-704B7D6129DB}.Debug|Any CPU.Build.0 = Debug|Any CPU
		{C3BB6F7F-1655-4C11-80F0-704B7D6129DB}.Dev|Any CPU.ActiveCfg = Debug|Any CPU
		{C3BB6F7F-1655-4C11-80F0-704B7D6129DB}.Dev|Any CPU.Build.0 = Debug|Any CPU
		{C3BB6F7F-1655-4C11-80F0-704B7D6129DB}.Release|Any CPU.ActiveCfg = Release|Any CPU
		{C3BB6F7F-1655-4C11-80F0-704B7D6129DB}.Release|Any CPU.Build.0 = Release|Any CPU
		{C3BB6F7F-1655-4C11-80F0-704B7D6129DB}.Test|Any CPU.ActiveCfg = Release|Any CPU
		{C3BB6F7F-1655-4C11-80F0-704B7D6129DB}.Test|Any CPU.Build.0 = Release|Any CPU
	EndGlobalSection
	GlobalSection(SolutionProperties) = preSolution
		HideSolutionNode = FALSE
	EndGlobalSection
	GlobalSection(TeamFoundationVersionControl) = preSolution
		SccNumberOfProjects = 4
		SccEnterpriseProvider = {4CA58AB2-18FA-4F8D-95D4-32DDF27D184C}
		SccTeamFoundationServer = http://sesoco2802:8080/tfs/commonmethods
		SccLocalPath0 = .
		SccProjectUniqueName1 = CodePiApplication\\Code-Pi.csproj
		SccProjectName1 = CodePiApplication
		SccLocalPath1 = CodePiApplication
		SccProjectUniqueName2 = UnitTest\\UnitTest.csproj
		SccProjectName2 = UnitTest
		SccLocalPath2 = UnitTest
		SccProjectUniqueName3 = TestApplication.Tests\\TestApplication.Tests.csproj
		SccProjectName3 = TestApplication.Tests
		SccLocalPath3 = TestApplication.Tests
	EndGlobalSection
EndGlobal
