
Microsoft Visual Studio Solution File, Format Version 12.00
# Visual Studio 14
VisualStudioVersion = 14.0.25420.1
MinimumVisualStudioVersion = 10.0.40219.1
Project("{FAE04EC0-301F-11D3-BF4B-00C04F79EFBC}") = "MyFirstCloudApp", "MyFirstCloudApp\MyFirstCloudApp.csproj", "{11920CC1-194B-4CEC-BAAC-F8AA86172B46}"
EndProject
Global
	GlobalSection(SolutionConfigurationPlatforms) = preSolution
		Debug|Any CPU = Debug|Any CPU
		Dev|Any CPU = Dev|Any CPU
		Release|Any CPU = Release|Any CPU
		Test|Any CPU = Test|Any CPU
	EndGlobalSection
	GlobalSection(ProjectConfigurationPlatforms) = postSolution
		{11920CC1-194B-4CEC-BAAC-F8AA86172B46}.Debug|Any CPU.ActiveCfg = Debug|Any CPU
		{11920CC1-194B-4CEC-BAAC-F8AA86172B46}.Debug|Any CPU.Build.0 = Debug|Any CPU
		{11920CC1-194B-4CEC-BAAC-F8AA86172B46}.Dev|Any CPU.ActiveCfg = Dev|Any CPU
		{11920CC1-194B-4CEC-BAAC-F8AA86172B46}.Dev|Any CPU.Build.0 = Dev|Any CPU
		{11920CC1-194B-4CEC-BAAC-F8AA86172B46}.Dev|Any CPU.Deploy.0 = Dev|Any CPU
		{11920CC1-194B-4CEC-BAAC-F8AA86172B46}.Release|Any CPU.ActiveCfg = Release|Any CPU
		{11920CC1-194B-4CEC-BAAC-F8AA86172B46}.Release|Any CPU.Build.0 = Release|Any CPU
		{11920CC1-194B-4CEC-BAAC-F8AA86172B46}.Release|Any CPU.Deploy.0 = Release|Any CPU
		{11920CC1-194B-4CEC-BAAC-F8AA86172B46}.Test|Any CPU.ActiveCfg = Test|Any CPU
		{11920CC1-194B-4CEC-BAAC-F8AA86172B46}.Test|Any CPU.Build.0 = Test|Any CPU
	EndGlobalSection
	GlobalSection(SolutionProperties) = preSolution
		HideSolutionNode = FALSE
	EndGlobalSection
EndGlobal
